// !$*UTF8*$!
{
	archiveVersion = 1;
	classes = {
	};
	objectVersion = 46;
	objects = {

/* Begin PBXBuildFile section */
		94641DCC1CD0624700C1164B /* AppDelegate.swift in Sources */ = {isa = PBXBuildFile; fileRef = 94641DCB1CD0624700C1164B /* AppDelegate.swift */; };
		94641DCE1CD0624700C1164B /* MainViewController.swift in Sources */ = {isa = PBXBuildFile; fileRef = 94641DCD1CD0624700C1164B /* MainViewController.swift */; };
		94641DD11CD0624800C1164B /* Main.storyboard in Resources */ = {isa = PBXBuildFile; fileRef = 94641DCF1CD0624800C1164B /* Main.storyboard */; };
		94641DD31CD0624800C1164B /* Assets.xcassets in Resources */ = {isa = PBXBuildFile; fileRef = 94641DD21CD0624800C1164B /* Assets.xcassets */; };
		94641DD61CD0624800C1164B /* LaunchScreen.storyboard in Resources */ = {isa = PBXBuildFile; fileRef = 94641DD41CD0624800C1164B /* LaunchScreen.storyboard */; };
		94641DE11CD0624800C1164B /* Musical_TermsTests.swift in Sources */ = {isa = PBXBuildFile; fileRef = 94641DE01CD0624800C1164B /* Musical_TermsTests.swift */; };
		94641DEC1CD0624800C1164B /* Musical_TermsUITests.swift in Sources */ = {isa = PBXBuildFile; fileRef = 94641DEB1CD0624800C1164B /* Musical_TermsUITests.swift */; };
/* End PBXBuildFile section */

/* Begin PBXContainerItemProxy section */
		94641DDD1CD0624800C1164B /* PBXContainerItemProxy */ = {
			isa = PBXContainerItemProxy;
			containerPortal = 94641DC01CD0624700C1164B /* Project object */;
			proxyType = 1;
			remoteGlobalIDString = 94641DC71CD0624700C1164B;
			remoteInfo = "Musical Terms";
		};
		94641DE81CD0624800C1164B /* PBXContainerItemProxy */ = {
			isa = PBXContainerItemProxy;
			containerPortal = 94641DC01CD0624700C1164B /* Project object */;
			proxyType = 1;
			remoteGlobalIDString = 94641DC71CD0624700C1164B;
			remoteInfo = "Musical Terms";
		};
/* End PBXContainerItemProxy section */

/* Begin PBXFileReference section */
		94641DC81CD0624700C1164B /* Musical Terms.app */ = {isa = PBXFileReference; explicitFileType = wrapper.application; includeInIndex = 0; path = "Musical Terms.app"; sourceTree = BUILT_PRODUCTS_DIR; };
		94641DCB1CD0624700C1164B /* AppDelegate.swift */ = {isa = PBXFileReference; lastKnownFileType = sourcecode.swift; path = AppDelegate.swift; sourceTree = "<group>"; };
		94641DCD1CD0624700C1164B /* MainViewController.swift */ = {isa = PBXFileReference; lastKnownFileType = sourcecode.swift; path = MainViewController.swift; sourceTree = "<group>"; };
		94641DD01CD0624800C1164B /* Base */ = {isa = PBXFileReference; lastKnownFileType = file.storyboard; name = Base; path = Base.lproj/Main.storyboard; sourceTree = "<group>"; };
		94641DD21CD0624800C1164B /* Assets.xcassets */ = {isa = PBXFileReference; lastKnownFileType = folder.assetcatalog; path = Assets.xcassets; sourceTree = "<group>"; };
		94641DD51CD0624800C1164B /* Base */ = {isa = PBXFileReference; lastKnownFileType = file.storyboard; name = Base; path = Base.lproj/LaunchScreen.storyboard; sourceTree = "<group>"; };
		94641DD71CD0624800C1164B /* Info.plist */ = {isa = PBXFileReference; lastKnownFileType = text.plist.xml; path = Info.plist; sourceTree = "<group>"; };
		94641DDC1CD0624800C1164B /* Musical TermsTests.xctest */ = {isa = PBXFileReference; explicitFileType = wrapper.cfbundle; includeInIndex = 0; path = "Musical TermsTests.xctest"; sourceTree = BUILT_PRODUCTS_DIR; };
		94641DE01CD0624800C1164B /* Musical_TermsTests.swift */ = {isa = PBXFileReference; lastKnownFileType = sourcecode.swift; path = Musical_TermsTests.swift; sourceTree = "<group>"; };
		94641DE21CD0624800C1164B /* Info.plist */ = {isa = PBXFileReference; lastKnownFileType = text.plist.xml; path = Info.plist; sourceTree = "<group>"; };
		94641DE71CD0624800C1164B /* Musical TermsUITests.xctest */ = {isa = PBXFileReference; explicitFileType = wrapper.cfbundle; includeInIndex = 0; path = "Musical TermsUITests.xctest"; sourceTree = BUILT_PRODUCTS_DIR; };
		94641DEB1CD0624800C1164B /* Musical_TermsUITests.swift */ = {isa = PBXFileReference; lastKnownFileType = sourcecode.swift; path = Musical_TermsUITests.swift; sourceTree = "<group>"; };
		94641DED1CD0624800C1164B /* Info.plist */ = {isa = PBXFileReference; lastKnownFileType = text.plist.xml; path = Info.plist; sourceTree = "<group>"; };
/* End PBXFileReference section */

/* Begin PBXFrameworksBuildPhase section */
		94641DC51CD0624700C1164B /* Frameworks */ = {
			isa = PBXFrameworksBuildPhase;
			buildActionMask = 2147483647;
			files = (
			);
			runOnlyForDeploymentPostprocessing = 0;
		};
		94641DD91CD0624800C1164B /* Frameworks */ = {
			isa = PBXFrameworksBuildPhase;
			buildActionMask = 2147483647;
			files = (
			);
			runOnlyForDeploymentPostprocessing = 0;
		};
		94641DE41CD0624800C1164B /* Frameworks */ = {
			isa = PBXFrameworksBuildPhase;
			buildActionMask = 2147483647;
			files = (
			);
			runOnlyForDeploymentPostprocessing = 0;
		};
/* End PBXFrameworksBuildPhase section */

/* Begin PBXGroup section */
		94641DBF1CD0624700C1164B = {
			isa = PBXGroup;
			children = (
				94641DCA1CD0624700C1164B /* Musical Terms */,
				94641DDF1CD0624800C1164B /* Musical TermsTests */,
				94641DEA1CD0624800C1164B /* Musical TermsUITests */,
				94641DC91CD0624700C1164B /* Products */,
			);
			sourceTree = "<group>";
		};
		94641DC91CD0624700C1164B /* Products */ = {
			isa = PBXGroup;
			children = (
				94641DC81CD0624700C1164B /* Musical Terms.app */,
				94641DDC1CD0624800C1164B /* Musical TermsTests.xctest */,
				94641DE71CD0624800C1164B /* Musical TermsUITests.xctest */,
			);
			name = Products;
			sourceTree = "<group>";
		};
		94641DCA1CD0624700C1164B /* Musical Terms */ = {
			isa = PBXGroup;
			children = (
				94641DCB1CD0624700C1164B /* AppDelegate.swift */,
				94641DCD1CD0624700C1164B /* MainViewController.swift */,
				94641DCF1CD0624800C1164B /* Main.storyboard */,
				94641DD21CD0624800C1164B /* Assets.xcassets */,
				94641DD41CD0624800C1164B /* LaunchScreen.storyboard */,
				94641DD71CD0624800C1164B /* Info.plist */,
			);
			path = "Musical Terms";
			sourceTree = "<group>";
		};
		94641DDF1CD0624800C1164B /* Musical TermsTests */ = {
			isa = PBXGroup;
			children = (
				94641DE01CD0624800C1164B /* Musical_TermsTests.swift */,
				94641DE21CD0624800C1164B /* Info.plist */,
			);
			path = "Musical TermsTests";
			sourceTree = "<group>";
		};
		94641DEA1CD0624800C1164B /* Musical TermsUITests */ = {
			isa = PBXGroup;
			children = (
				94641DEB1CD0624800C1164B /* Musical_TermsUITests.swift */,
				94641DED1CD0624800C1164B /* Info.plist */,
			);
			path = "Musical TermsUITests";
			sourceTree = "<group>";
		};
/* End PBXGroup section */

/* Begin PBXNativeTarget section */
		94641DC71CD0624700C1164B /* Musical Terms */ = {
			isa = PBXNativeTarget;
			buildConfigurationList = 94641DF01CD0624800C1164B /* Build configuration list for PBXNativeTarget "Musical Terms" */;
			buildPhases = (
				94641DC41CD0624700C1164B /* Sources */,
				94641DC51CD0624700C1164B /* Frameworks */,
				94641DC61CD0624700C1164B /* Resources */,
			);
			buildRules = (
			);
			dependencies = (
			);
			name = "Musical Terms";
			productName = "Musical Terms";
			productReference = 94641DC81CD0624700C1164B /* Musical Terms.app */;
			productType = "com.apple.product-type.application";
		};
		94641DDB1CD0624800C1164B /* Musical TermsTests */ = {
			isa = PBXNativeTarget;
			buildConfigurationList = 94641DF31CD0624800C1164B /* Build configuration list for PBXNativeTarget "Musical TermsTests" */;
			buildPhases = (
				94641DD81CD0624800C1164B /* Sources */,
				94641DD91CD0624800C1164B /* Frameworks */,
				94641DDA1CD0624800C1164B /* Resources */,
			);
			buildRules = (
			);
			dependencies = (
				94641DDE1CD0624800C1164B /* PBXTargetDependency */,
			);
			name = "Musical TermsTests";
			productName = "Musical TermsTests";
			productReference = 94641DDC1CD0624800C1164B /* Musical TermsTests.xctest */;
			productType = "com.apple.product-type.bundle.unit-test";
		};
		94641DE61CD0624800C1164B /* Musical TermsUITests */ = {
			isa = PBXNativeTarget;
			buildConfigurationList = 94641DF61CD0624800C1164B /* Build configuration list for PBXNativeTarget "Musical TermsUITests" */;
			buildPhases = (
				94641DE31CD0624800C1164B /* Sources */,
				94641DE41CD0624800C1164B /* Frameworks */,
				94641DE51CD0624800C1164B /* Resources */,
			);
			buildRules = (
			);
			dependencies = (
				94641DE91CD0624800C1164B /* PBXTargetDependency */,
			);
			name = "Musical TermsUITests";
			productName = "Musical TermsUITests";
			productReference = 94641DE71CD0624800C1164B /* Musical TermsUITests.xctest */;
			productType = "com.apple.product-type.bundle.ui-testing";
		};
/* End PBXNativeTarget section */

/* Begin PBXProject section */
		94641DC01CD0624700C1164B /* Project object */ = {
			isa = PBXProject;
			attributes = {
				LastSwiftUpdateCheck = 0730;
				LastUpgradeCheck = 0730;
				ORGANIZATIONNAME = "Ryan Wang";
				TargetAttributes = {
					94641DC71CD0624700C1164B = {
						CreatedOnToolsVersion = 7.3;
						DevelopmentTeam = Y643TNGY2B;
					};
					94641DDB1CD0624800C1164B = {
						CreatedOnToolsVersion = 7.3;
						DevelopmentTeam = Y643TNGY2B;
						TestTargetID = 94641DC71CD0624700C1164B;
					};
					94641DE61CD0624800C1164B = {
						CreatedOnToolsVersion = 7.3;
						DevelopmentTeam = Y643TNGY2B;
						TestTargetID = 94641DC71CD0624700C1164B;
					};
				};
			};
			buildConfigurationList = 94641DC31CD0624700C1164B /* Build configuration list for PBXProject "Musical Terms" */;
			compatibilityVersion = "Xcode 3.2";
			developmentRegion = English;
			hasScannedForEncodings = 0;
			knownRegions = (
				en,
				Base,
			);
			mainGroup = 94641DBF1CD0624700C1164B;
			productRefGroup = 94641DC91CD0624700C1164B /* Products */;
			projectDirPath = "";
			projectRoot = "";
			targets = (
				94641DC71CD0624700C1164B /* Musical Terms */,
				94641DDB1CD0624800C1164B /* Musical TermsTests */,
				94641DE61CD0624800C1164B /* Musical TermsUITests */,
			);
		};
/* End PBXProject section */

/* Begin PBXResourcesBuildPhase section */
		94641DC61CD0624700C1164B /* Resources */ = {
			isa = PBXResourcesBuildPhase;
			buildActionMask = 2147483647;
			files = (
				94641DD61CD0624800C1164B /* LaunchScreen.storyboard in Resources */,
				94641DD31CD0624800C1164B /* Assets.xcassets in Resources */,
				94641DD11CD0624800C1164B /* Main.storyboard in Resources */,
			);
			runOnlyForDeploymentPostprocessing = 0;
		};
		94641DDA1CD0624800C1164B /* Resources */ = {
			isa = PBXResourcesBuildPhase;
			buildActionMask = 2147483647;
			files = (
			);
			runOnlyForDeploymentPostprocessing = 0;
		};
		94641DE51CD0624800C1164B /* Resources */ = {
			isa = PBXResourcesBuildPhase;
			buildActionMask = 2147483647;
			files = (
			);
			runOnlyForDeploymentPostprocessing = 0;
		};
/* End PBXResourcesBuildPhase section */

/* Begin PBXSourcesBuildPhase section */
		94641DC41CD0624700C1164B /* Sources */ = {
			isa = PBXSourcesBuildPhase;
			buildActionMask = 2147483647;
			files = (
				94641DCE1CD0624700C1164B /* MainViewController.swift in Sources */,
				94641DCC1CD0624700C1164B /* AppDelegate.swift in Sources */,
			);
			runOnlyForDeploymentPostprocessing = 0;
		};
		94641DD81CD0624800C1164B /* Sources */ = {
			isa = PBXSourcesBuildPhase;
			buildActionMask = 2147483647;
			files = (
				94641DE11CD0624800C1164B /* Musical_TermsTests.swift in Sources */,
			);
			runOnlyForDeploymentPostprocessing = 0;
		};
		94641DE31CD0624800C1164B /* Sources */ = {
			isa = PBXSourcesBuildPhase;
			buildActionMask = 2147483647;
			files = (
				94641DEC1CD0624800C1164B /* Musical_TermsUITests.swift in Sources */,
			);
			runOnlyForDeploymentPostprocessing = 0;
		};
/* End PBXSourcesBuildPhase section */

/* Begin PBXTargetDependency section */
		94641DDE1CD0624800C1164B /* PBXTargetDependency */ = {
			isa = PBXTargetDependency;
			target = 94641DC71CD0624700C1164B /* Musical Terms */;
			targetProxy = 94641DDD1CD0624800C1164B /* PBXContainerItemProxy */;
		};
		94641DE91CD0624800C1164B /* PBXTargetDependency */ = {
			isa = PBXTargetDependency;
			target = 94641DC71CD0624700C1164B /* Musical Terms */;
			targetProxy = 94641DE81CD0624800C1164B /* PBXContainerItemProxy */;
		};
/* End PBXTargetDependency section */

/* Begin PBXVariantGroup section */
		94641DCF1CD0624800C1164B /* Main.storyboard */ = {
			isa = PBXVariantGroup;
			children = (
				94641DD01CD0624800C1164B /* Base */,
			);
			name = Main.storyboard;
			sourceTree = "<group>";
		};
		94641DD41CD0624800C1164B /* LaunchScreen.storyboard */ = {
			isa = PBXVariantGroup;
			children = (
				94641DD51CD0624800C1164B /* Base */,
			);
			name = LaunchScreen.storyboard;
			sourceTree = "<group>";
		};
/* End PBXVariantGroup section */

/* Begin XCBuildConfiguration section */
		94641DEE1CD0624800C1164B /* Debug */ = {
			isa = XCBuildConfiguration;
			buildSettings = {
				ALWAYS_SEARCH_USER_PATHS = NO;
				CLANG_ANALYZER_NONNULL = YES;
				CLANG_CXX_LANGUAGE_STANDARD = "gnu++0x";
				CLANG_CXX_LIBRARY = "libc++";
				CLANG_ENABLE_MODULES = YES;
				CLANG_ENABLE_OBJC_ARC = YES;
				CLANG_WARN_BOOL_CONVERSION = YES;
				CLANG_WARN_CONSTANT_CONVERSION = YES;
				CLANG_WARN_DIRECT_OBJC_ISA_USAGE = YES_ERROR;
				CLANG_WARN_EMPTY_BODY = YES;
				CLANG_WARN_ENUM_CONVERSION = YES;
				CLANG_WARN_INT_CONVERSION = YES;
				CLANG_WARN_OBJC_ROOT_CLASS = YES_ERROR;
				CLANG_WARN_UNREACHABLE_CODE = YES;
				CLANG_WARN__DUPLICATE_METHOD_MATCH = YES;
				"CODE_SIGN_IDENTITY[sdk=iphoneos*]" = "iPhone Developer";
				COPY_PHASE_STRIP = NO;
				DEBUG_INFORMATION_FORMAT = dwarf;
				ENABLE_STRICT_OBJC_MSGSEND = YES;
				ENABLE_TESTABILITY = YES;
				GCC_C_LANGUAGE_STANDARD = gnu99;
				GCC_DYNAMIC_NO_PIC = NO;
				GCC_NO_COMMON_BLOCKS = YES;
				GCC_OPTIMIZATION_LEVEL = 0;
				GCC_PREPROCESSOR_DEFINITIONS = (
					"DEBUG=1",
					"$(inherited)",
				);
				GCC_WARN_64_TO_32_BIT_CONVERSION = YES;
				GCC_WARN_ABOUT_RETURN_TYPE = YES_ERROR;
				GCC_WARN_UNDECLARED_SELECTOR = YES;
				GCC_WARN_UNINITIALIZED_AUTOS = YES_AGGRESSIVE;
				GCC_WARN_UNUSED_FUNCTION = YES;
				GCC_WARN_UNUSED_VARIABLE = YES;
				IPHONEOS_DEPLOYMENT_TARGET = 9.3;
				MTL_ENABLE_DEBUG_INFO = YES;
				ONLY_ACTIVE_ARCH = YES;
				SDKROOT = iphoneos;
				SWIFT_OPTIMIZATION_LEVEL = "-Onone";
			};
			name = Debug;
		};
		94641DEF1CD0624800C1164B /* Release */ = {
			isa = XCBuildConfiguration;
			buildSettings = {
				ALWAYS_SEARCH_USER_PATHS = NO;
				CLANG_ANALYZER_NONNULL = YES;
				CLANG_CXX_LANGUAGE_STANDARD = "gnu++0x";
				CLANG_CXX_LIBRARY = "libc++";
				CLANG_ENABLE_MODULES = YES;
				CLANG_ENABLE_OBJC_ARC = YES;
				CLANG_WARN_BOOL_CONVERSION = YES;
				CLANG_WARN_CONSTANT_CONVERSION = YES;
				CLANG_WARN_DIRECT_OBJC_ISA_USAGE = YES_ERROR;
				CLANG_WARN_EMPTY_BODY = YES;
				CLANG_WARN_ENUM_CONVERSION = YES;
				CLANG_WARN_INT_CONVERSION = YES;
				CLANG_WARN_OBJC_ROOT_CLASS = YES_ERROR;
				CLANG_WARN_UNREACHABLE_CODE = YES;
				CLANG_WARN__DUPLICATE_METHOD_MATCH = YES;
				"CODE_SIGN_IDENTITY[sdk=iphoneos*]" = "iPhone Developer";
				COPY_PHASE_STRIP = NO;
				DEBUG_INFORMATION_FORMAT = "dwarf-with-dsym";
				ENABLE_NS_ASSERTIONS = NO;
				ENABLE_STRICT_OBJC_MSGSEND = YES;
				GCC_C_LANGUAGE_STANDARD = gnu99;
				GCC_NO_COMMON_BLOCKS = YES;
				GCC_WARN_64_TO_32_BIT_CONVERSION = YES;
				GCC_WARN_ABOUT_RETURN_TYPE = YES_ERROR;
				GCC_WARN_UNDECLARED_SELECTOR = YES;
				GCC_WARN_UNINITIALIZED_AUTOS = YES_AGGRESSIVE;
				GCC_WARN_UNUSED_FUNCTION = YES;
				GCC_WARN_UNUSED_VARIABLE = YES;
				IPHONEOS_DEPLOYMENT_TARGET = 9.3;
				MTL_ENABLE_DEBUG_INFO = NO;
				SDKROOT = iphoneos;
				VALIDATE_PRODUCT = YES;
			};
			name = Release;
		};
		94641DF11CD0624800C1164B /* Debug */ = {
			isa = XCBuildConfiguration;
			buildSettings = {
				ASSETCATALOG_COMPILER_APPICON_NAME = AppIcon;
				INFOPLIST_FILE = "Musical Terms/Info.plist";
				LD_RUNPATH_SEARCH_PATHS = "$(inherited) @executable_path/Frameworks";
				PRODUCT_BUNDLE_IDENTIFIER = "Wang.Musical-Terms";
				PRODUCT_NAME = "$(TARGET_NAME)";
			};
			name = Debug;
		};
		94641DF21CD0624800C1164B /* Release */ = {
			isa = XCBuildConfiguration;
			buildSettings = {
				ASSETCATALOG_COMPILER_APPICON_NAME = AppIcon;
				INFOPLIST_FILE = "Musical Terms/Info.plist";
				LD_RUNPATH_SEARCH_PATHS = "$(inherited) @executable_path/Frameworks";
				PRODUCT_BUNDLE_IDENTIFIER = "Wang.Musical-Terms";
				PRODUCT_NAME = "$(TARGET_NAME)";
			};
			name = Release;
		};
		94641DF41CD0624800C1164B /* Debug */ = {
			isa = XCBuildConfiguration;
			buildSettings = {
				BUNDLE_LOADER = "$(TEST_HOST)";
				INFOPLIST_FILE = "Musical TermsTests/Info.plist";
				LD_RUNPATH_SEARCH_PATHS = "$(inherited) @executable_path/Frameworks @loader_path/Frameworks";
				PRODUCT_BUNDLE_IDENTIFIER = "Wang.Musical-TermsTests";
				PRODUCT_NAME = "$(TARGET_NAME)";
				TEST_HOST = "$(BUILT_PRODUCTS_DIR)/Musical Terms.app/Musical Terms";
			};
			name = Debug;
		};
		94641DF51CD0624800C1164B /* Release */ = {
			isa = XCBuildConfiguration;
			buildSettings = {
				BUNDLE_LOADER = "$(TEST_HOST)";
				INFOPLIST_FILE = "Musical TermsTests/Info.plist";
				LD_RUNPATH_SEARCH_PATHS = "$(inherited) @executable_path/Frameworks @loader_path/Frameworks";
				PRODUCT_BUNDLE_IDENTIFIER = "Wang.Musical-TermsTests";
				PRODUCT_NAME = "$(TARGET_NAME)";
				TEST_HOST = "$(BUILT_PRODUCTS_DIR)/Musical Terms.app/Musical Terms";
			};
			name = Release;
		};
		94641DF71CD0624800C1164B /* Debug */ = {
			isa = XCBuildConfiguration;
			buildSettings = {
				INFOPLIST_FILE = "Musical TermsUITests/Info.plist";
				LD_RUNPATH_SEARCH_PATHS = "$(inherited) @executable_path/Frameworks @loader_path/Frameworks";
				PRODUCT_BUNDLE_IDENTIFIER = "Wang.Musical-TermsUITests";
				PRODUCT_NAME = "$(TARGET_NAME)";
				TEST_TARGET_NAME = "Musical Terms";
			};
			name = Debug;
		};
		94641DF81CD0624800C1164B /* Release */ = {
			isa = XCBuildConfiguration;
			buildSettings = {
				INFOPLIST_FILE = "Musical TermsUITests/Info.plist";
				LD_RUNPATH_SEARCH_PATHS = "$(inherited) @executable_path/Frameworks @loader_path/Frameworks";
				PRODUCT_BUNDLE_IDENTIFIER = "Wang.Musical-TermsUITests";
				PRODUCT_NAME = "$(TARGET_NAME)";
				TEST_TARGET_NAME = "Musical Terms";
			};
			name = Release;
		};
/* End XCBuildConfiguration section */

/* Begin XCConfigurationList section */
		94641DC31CD0624700C1164B /* Build configuration list for PBXProject "Musical Terms" */ = {
			isa = XCConfigurationList;
			buildConfigurations = (
				94641DEE1CD0624800C1164B /* Debug */,
				94641DEF1CD0624800C1164B /* Release */,
			);
			defaultConfigurationIsVisible = 0;
			defaultConfigurationName = Release;
		};
		94641DF01CD0624800C1164B /* Build configuration list for PBXNativeTarget "Musical Terms" */ = {
			isa = XCConfigurationList;
			buildConfigurations = (
				94641DF11CD0624800C1164B /* Debug */,
				94641DF21CD0624800C1164B /* Release */,
			);
			defaultConfigurationIsVisible = 0;
		};
		94641DF31CD0624800C1164B /* Build configuration list for PBXNativeTarget "Musical TermsTests" */ = {
			isa = XCConfigurationList;
			buildConfigurations = (
				94641DF41CD0624800C1164B /* Debug */,
				94641DF51CD0624800C1164B /* Release */,
			);
			defaultConfigurationIsVisible = 0;
		};
		94641DF61CD0624800C1164B /* Build configuration list for PBXNativeTarget "Musical TermsUITests" */ = {
			isa = XCConfigurationList;
			buildConfigurations = (
				94641DF71CD0624800C1164B /* Debug */,
				94641DF81CD0624800C1164B /* Release */,
			);
			defaultConfigurationIsVisible = 0;
		};
/* End XCConfigurationList section */
	};
	rootObject = 94641DC01CD0624700C1164B /* Project object */;
}
